{
    "_meta": {
        "hash": {
            "sha256": "57729e359f30cf5f9a551f51b509dcbc8145a2f3c5ff3f594ac7ef36c1f1211e"
        },
        "pipfile-spec": 6,
        "requires": {
            "python_version": "3.6"
        },
        "sources": [
            {
                "name": "pypi",
                "url": "https://pypi.org/simple",
                "verify_ssl": true
            }
        ]
    },
    "default": {
        "docopt": {
            "hashes": [
                "sha256:49b3a825280bd66b3aa83585ef59c4a8c82f2c8a522dbe754a8bc8d08c85c491"
            ],
            "index": "pypi",
            "version": "==0.6.2"
        },
        "isodate": {
            "hashes": [
                "sha256:42105c41d037246dc1987e36d96f3752ffd5c0c24834dd12e4fdbe1e79544e31"
            ],
            "index": "pypi",
            "version": "==0.5.4"
        },
        "lbppy": {
            "editable": true,
            "git": "https://github.com/lombardpress/lbppy.git",
            "ref": "f272e44429fcbd3f19384471c9cfb3903100fb30"
        },
        "lxml": {
            "hashes": [
                "sha256:247f8a0f267c5ee44d0dbe8f334f0d457cbfa11e60aa7a2de94e7334c868aa7c",
                "sha256:2e78e7c160480a2b7b80a0940513795f177fdc1c43735990270d27e7488ab2e1",
                "sha256:36cd7d0c2c926158e2a4162737ca5ffa94121e135f6279ac6cdd2af372f442ad",
                "sha256:4e8096eaf9e1e4667d82f4860ba45f5a2f58a331b7f197aa125cc2d0aeb4e4b4",
                "sha256:5ce4cb98694f6a4e84a760be5d14089f2c1e846133ec6193b633d4e590dc2f97",
                "sha256:6fda292066c480616e04287214515df2c78f3d9cb56847cb06508f4f585f369a",
                "sha256:78f3d4f62b9bab7ce45564ffefa5385983a5ebd6a75464e15f08f1a53d4a85f7",
                "sha256:89521251ca1c0a0afcafee96df8c514f43332e8a0915d95a2f3f1f888f02a40a",
                "sha256:9fd1aef1e6d834e5191383bd1db7a0b56a564905ab9060e30ee6964aabbb905a",
                "sha256:a52eef2629f8510cc9e09bfed7af542f343cf200b5a0de16c7e382d8bcec8932",
                "sha256:aa502d78a51ee7d127b4824ff96500f0181d3c7826e6ee7b800d068be79361c7",
                "sha256:ae30267e51d6bfb78343003aec374c930fe0769ee96ff439d3f5d78c1b6f4537",
                "sha256:b7c5559435efc18c7cfa9987d1069aa7c109854cfeaf9259563024963d091f35",
                "sha256:cc0ee0c5502dcfb7d9560e0a53f78ae6b9085f78742618af415e18b2a06c0e84"
            ],
            "index": "pypi",
            "version": "==3.7.3"
        },
        "pyparsing": {
            "hashes": [
                "sha256:0832bcf47acd283788593e7a0f542407bd9550a55a8a8435214a1960e04bcb04",
                "sha256:fee43f17a9c4087e7ed1605bd6df994c6173c1e977d7ade7b651292fab2bd010"
            ],
            "index": "pypi",
            "version": "==2.2.0"
        },
        "rdflib": {
            "hashes": [
                "sha256:58d5994610105a457cff7fdfe3d683d87786c5028a45ae032982498a7e913d6f",
                "sha256:da1df14552555c5c7715d8ce71c08f404c988c58a1ecd38552d0da4fc261280d"
            ],
            "index": "pypi",
            "version": "==4.2.2"
        },
        "sparqlwrapper": {
            "hashes": [
                "sha256:3b46d0f18ca0b65b8b965d6d1ae257b229388400b06e7dc19f0a51614dc1abde",
                "sha256:b6604190da7604843bf573a7ac7b625036c04030a5f88f84650d9483ef46d18c"
            ],
            "index": "pypi",
            "version": "==1.8.0"
        },
        "untangle": {
            "hashes": [
                "sha256:d16a5afe0cd426071f3b043132f1d8195e3ebc294ad26461f90543d6d1d90d68"
            ],
            "index": "pypi",
            "version": "==1.1.0"
        }
    },
    "develop": {}
}
